
Microsoft Visual Studio Solution File, Format Version 12.00
# Visual Studio Version 16
VisualStudioVersion = 16.0.31624.102
MinimumVisualStudioVersion = 10.0.40219.1
Project("{FAE04EC0-301F-11D3-BF4B-00C04F79EFBC}") = "Homework_Theme6_task1.1", "Homework_Theme6_task1.1\Homework_Theme6_task1.1.csproj", "{2AE9EF78-B24C-4310-B4A0-F75212F298ED}"
EndProject
Global
	GlobalSection(SolutionConfigurationPlatforms) = preSolution
		Debug|Any CPU = Debug|Any CPU
		Release|Any CPU = Release|Any CPU
	EndGlobalSection
	GlobalSection(ProjectConfigurationPlatforms) = postSolution
		{2AE9EF78-B24C-4310-B4A0-F75212F298ED}.Debug|Any CPU.ActiveCfg = Debug|Any CPU
		{2AE9EF78-B24C-4310-B4A0-F75212F298ED}.Debug|Any CPU.Build.0 = Debug|Any CPU
		{2AE9EF78-B24C-4310-B4A0-F75212F298ED}.Release|Any CPU.ActiveCfg = Release|Any CPU
		{2AE9EF78-B24C-4310-B4A0-F75212F298ED}.Release|Any CPU.Build.0 = Release|Any CPU
	EndGlobalSection
	GlobalSection(SolutionProperties) = preSolution
		HideSolutionNode = FALSE
	EndGlobalSection
	GlobalSection(ExtensibilityGlobals) = postSolution
		SolutionGuid = {8BEE98B8-A7D3-4671-A736-21B391A0753C}
	EndGlobalSection
EndGlobal
